
Microsoft Visual Studio Solution File, Format Version 12.00
# Visual Studio Version 17
VisualStudioVersion = 17.14.36212.18 d17.14
MinimumVisualStudioVersion = 10.0.40219.1
Project("{2150E333-8FDC-42A3-9474-1A3956D46DE8}") = "Docs", "Docs", "{6C83A596-D32D-B35F-00DD-F0C99B673980}"
EndProject
Project("{2150E333-8FDC-42A3-9474-1A3956D46DE8}") = "Test", "Test", "{43EDC66A-DC49-4965-9116-FD8707CC1A40}"
EndProject
Project("{2150E333-8FDC-42A3-9474-1A3956D46DE8}") = "Src", "Src", "{45130B9C-3880-4A44-936E-F413380577AD}"
EndProject
Project("{FAE04EC0-301F-11D3-BF4B-00C04F79EFBC}") = "BlaisePascal.LessonExamples.Domain", "BlaisePascal.LessonExamples.Domain\BlaisePascal.LessonExamples.Domain.csproj", "{3CD35FD7-DEBF-4CFD-9629-A701D9475D2C}"
EndProject
Project("{FAE04EC0-301F-11D3-BF4B-00C04F79EFBC}") = "BlaisePascal.LessonExamples.Domain.UnitTest", "BlaisePascal.LessonExamples.Domain.UnitTest\BlaisePascal.LessonExamples.Domain.UnitTest.csproj", "{30F3EBEA-E4F6-4349-A811-9CB375545AAF}"
EndProject
Global
	GlobalSection(SolutionConfigurationPlatforms) = preSolution
		Debug|Any CPU = Debug|Any CPU
		Release|Any CPU = Release|Any CPU
	EndGlobalSection
	GlobalSection(ProjectConfigurationPlatforms) = postSolution
		{3CD35FD7-DEBF-4CFD-9629-A701D9475D2C}.Debug|Any CPU.ActiveCfg = Debug|Any CPU
		{3CD35FD7-DEBF-4CFD-9629-A701D9475D2C}.Debug|Any CPU.Build.0 = Debug|Any CPU
		{3CD35FD7-DEBF-4CFD-9629-A701D9475D2C}.Release|Any CPU.ActiveCfg = Release|Any CPU
		{3CD35FD7-DEBF-4CFD-9629-A701D9475D2C}.Release|Any CPU.Build.0 = Release|Any CPU
		{30F3EBEA-E4F6-4349-A811-9CB375545AAF}.Debug|Any CPU.ActiveCfg = Debug|Any CPU
		{30F3EBEA-E4F6-4349-A811-9CB375545AAF}.Debug|Any CPU.Build.0 = Debug|Any CPU
		{30F3EBEA-E4F6-4349-A811-9CB375545AAF}.Release|Any CPU.ActiveCfg = Release|Any CPU
		{30F3EBEA-E4F6-4349-A811-9CB375545AAF}.Release|Any CPU.Build.0 = Release|Any CPU
	EndGlobalSection
	GlobalSection(SolutionProperties) = preSolution
		HideSolutionNode = FALSE
	EndGlobalSection
	GlobalSection(NestedProjects) = preSolution
		{3CD35FD7-DEBF-4CFD-9629-A701D9475D2C} = {45130B9C-3880-4A44-936E-F413380577AD}
		{30F3EBEA-E4F6-4349-A811-9CB375545AAF} = {43EDC66A-DC49-4965-9116-FD8707CC1A40}
	EndGlobalSection
	GlobalSection(ExtensibilityGlobals) = postSolution
		SolutionGuid = {1B3B1E3E-A3C6-415A-8912-44427F50839C}
	EndGlobalSection
EndGlobal
